
Microsoft Visual Studio Solution File, Format Version 12.00
# Visual Studio Version 16
VisualStudioVersion = 16.0.31019.35
MinimumVisualStudioVersion = 10.0.40219.1
Project("{FAE04EC0-301F-11D3-BF4B-00C04F79EFBC}") = "ImageFiltering", "ImageFiltering\ImageFiltering.csproj", "{44AB79B9-E2D0-4326-B362-0C91F6D7808D}"
EndProject
Project("{FAE04EC0-301F-11D3-BF4B-00C04F79EFBC}") = "ImageFiltering.UnitTest", "ImageFiltering.UnitTest\ImageFiltering.UnitTest.csproj", "{47E12E84-D538-4089-8B89-926D53893D44}"
EndProject
Global
	GlobalSection(SolutionConfigurationPlatforms) = preSolution
		Debug|Any CPU = Debug|Any CPU
		Release|Any CPU = Release|Any CPU
	EndGlobalSection
	GlobalSection(ProjectConfigurationPlatforms) = postSolution
		{44AB79B9-E2D0-4326-B362-0C91F6D7808D}.Debug|Any CPU.ActiveCfg = Debug|Any CPU
		{44AB79B9-E2D0-4326-B362-0C91F6D7808D}.Debug|Any CPU.Build.0 = Debug|Any CPU
		{44AB79B9-E2D0-4326-B362-0C91F6D7808D}.Release|Any CPU.ActiveCfg = Release|Any CPU
		{44AB79B9-E2D0-4326-B362-0C91F6D7808D}.Release|Any CPU.Build.0 = Release|Any CPU
		{47E12E84-D538-4089-8B89-926D53893D44}.Debug|Any CPU.ActiveCfg = Debug|Any CPU
		{47E12E84-D538-4089-8B89-926D53893D44}.Debug|Any CPU.Build.0 = Debug|Any CPU
		{47E12E84-D538-4089-8B89-926D53893D44}.Release|Any CPU.ActiveCfg = Release|Any CPU
		{47E12E84-D538-4089-8B89-926D53893D44}.Release|Any CPU.Build.0 = Release|Any CPU
	EndGlobalSection
	GlobalSection(SolutionProperties) = preSolution
		HideSolutionNode = FALSE
	EndGlobalSection
	GlobalSection(ExtensibilityGlobals) = postSolution
		SolutionGuid = {B693030D-1BBB-4232-8A02-18D3AF1ACEB8}
	EndGlobalSection
EndGlobal
